
Microsoft Visual Studio Solution File, Format Version 12.00
# Visual Studio Version 16
VisualStudioVersion = 16.0.32002.261
MinimumVisualStudioVersion = 10.0.40219.1
Project("{FAE04EC0-301F-11D3-BF4B-00C04F79EFBC}") = "GreenScreenUI", "GreenScreenUI\GreenScreenUI.csproj", "{40B62CF4-EA08-40F2-9E30-8EC43C46F5F2}"
	ProjectSection(ProjectDependencies) = postProject
		{A9E13351-3CD6-4BBE-B984-41DD639D18D9} = {A9E13351-3CD6-4BBE-B984-41DD639D18D9}
	EndProjectSection
EndProject
Project("{8BC9CEB8-8B4A-11D0-8D11-00A0C91BC942}") = "GreenScreenAsm", "GreenScreenAsm\GreenScreenAsm.vcxproj", "{A9E13351-3CD6-4BBE-B984-41DD639D18D9}"
EndProject
Project("{8BC9CEB8-8B4A-11D0-8D11-00A0C91BC942}") = "GreenScreenCpp", "GreenScreenCpp\GreenScreenCpp.vcxproj", "{C0FE928F-7548-4BA7-88DA-88E1D47B6B8B}"
EndProject
Global
	GlobalSection(SolutionConfigurationPlatforms) = preSolution
		Debug|Any CPU = Debug|Any CPU
		Debug|x64 = Debug|x64
		Debug|x86 = Debug|x86
		Release|Any CPU = Release|Any CPU
		Release|x64 = Release|x64
		Release|x86 = Release|x86
	EndGlobalSection
	GlobalSection(ProjectConfigurationPlatforms) = postSolution
		{40B62CF4-EA08-40F2-9E30-8EC43C46F5F2}.Debug|Any CPU.ActiveCfg = Debug|Any CPU
		{40B62CF4-EA08-40F2-9E30-8EC43C46F5F2}.Debug|Any CPU.Build.0 = Debug|Any CPU
		{40B62CF4-EA08-40F2-9E30-8EC43C46F5F2}.Debug|x64.ActiveCfg = Debug|x64
		{40B62CF4-EA08-40F2-9E30-8EC43C46F5F2}.Debug|x64.Build.0 = Debug|x64
		{40B62CF4-EA08-40F2-9E30-8EC43C46F5F2}.Debug|x86.ActiveCfg = Debug|Any CPU
		{40B62CF4-EA08-40F2-9E30-8EC43C46F5F2}.Debug|x86.Build.0 = Debug|Any CPU
		{40B62CF4-EA08-40F2-9E30-8EC43C46F5F2}.Release|Any CPU.ActiveCfg = Release|Any CPU
		{40B62CF4-EA08-40F2-9E30-8EC43C46F5F2}.Release|Any CPU.Build.0 = Release|Any CPU
		{40B62CF4-EA08-40F2-9E30-8EC43C46F5F2}.Release|x64.ActiveCfg = Release|x64
		{40B62CF4-EA08-40F2-9E30-8EC43C46F5F2}.Release|x64.Build.0 = Release|x64
		{40B62CF4-EA08-40F2-9E30-8EC43C46F5F2}.Release|x86.ActiveCfg = Release|Any CPU
		{40B62CF4-EA08-40F2-9E30-8EC43C46F5F2}.Release|x86.Build.0 = Release|Any CPU
		{A9E13351-3CD6-4BBE-B984-41DD639D18D9}.Debug|Any CPU.ActiveCfg = Debug|Win32
		{A9E13351-3CD6-4BBE-B984-41DD639D18D9}.Debug|x64.ActiveCfg = Debug|x64
		{A9E13351-3CD6-4BBE-B984-41DD639D18D9}.Debug|x64.Build.0 = Debug|x64
		{A9E13351-3CD6-4BBE-B984-41DD639D18D9}.Debug|x86.ActiveCfg = Debug|Win32
		{A9E13351-3CD6-4BBE-B984-41DD639D18D9}.Debug|x86.Build.0 = Debug|Win32
		{A9E13351-3CD6-4BBE-B984-41DD639D18D9}.Release|Any CPU.ActiveCfg = Release|Win32
		{A9E13351-3CD6-4BBE-B984-41DD639D18D9}.Release|x64.ActiveCfg = Release|x64
		{A9E13351-3CD6-4BBE-B984-41DD639D18D9}.Release|x64.Build.0 = Release|x64
		{A9E13351-3CD6-4BBE-B984-41DD639D18D9}.Release|x86.ActiveCfg = Release|Win32
		{A9E13351-3CD6-4BBE-B984-41DD639D18D9}.Release|x86.Build.0 = Release|Win32
		{C0FE928F-7548-4BA7-88DA-88E1D47B6B8B}.Debug|Any CPU.ActiveCfg = Debug|Win32
		{C0FE928F-7548-4BA7-88DA-88E1D47B6B8B}.Debug|x64.ActiveCfg = Debug|x64
		{C0FE928F-7548-4BA7-88DA-88E1D47B6B8B}.Debug|x64.Build.0 = Debug|x64
		{C0FE928F-7548-4BA7-88DA-88E1D47B6B8B}.Debug|x86.ActiveCfg = Debug|Win32
		{C0FE928F-7548-4BA7-88DA-88E1D47B6B8B}.Debug|x86.Build.0 = Debug|Win32
		{C0FE928F-7548-4BA7-88DA-88E1D47B6B8B}.Release|Any CPU.ActiveCfg = Release|Win32
		{C0FE928F-7548-4BA7-88DA-88E1D47B6B8B}.Release|x64.ActiveCfg = Release|x64
		{C0FE928F-7548-4BA7-88DA-88E1D47B6B8B}.Release|x64.Build.0 = Release|x64
		{C0FE928F-7548-4BA7-88DA-88E1D47B6B8B}.Release|x86.ActiveCfg = Release|Win32
		{C0FE928F-7548-4BA7-88DA-88E1D47B6B8B}.Release|x86.Build.0 = Release|Win32
	EndGlobalSection
	GlobalSection(SolutionProperties) = preSolution
		HideSolutionNode = FALSE
	EndGlobalSection
	GlobalSection(ExtensibilityGlobals) = postSolution
		SolutionGuid = {5DE76B2F-53A6-41ED-B8A2-88BA9AB5C33D}
	EndGlobalSection
EndGlobal
